[[package]]
category = "dev"
description = "Atomic file writes."
marker = "sys_platform == \"win32\""
name = "atomicwrites"
optional = false
python-versions = ">=2.7, !=3.0.*, !=3.1.*, !=3.2.*, !=3.3.*"
version = "1.4.0"

[[package]]
category = "dev"
description = "Classes Without Boilerplate"
name = "attrs"
optional = false
python-versions = ">=2.7, !=3.0.*, !=3.1.*, !=3.2.*, !=3.3.*"
version = "19.3.0"

[package.extras]
azure-pipelines = ["coverage", "hypothesis", "pympler", "pytest (>=4.3.0)", "six", "zope.interface", "pytest-azurepipelines"]
dev = ["coverage", "hypothesis", "pympler", "pytest (>=4.3.0)", "six", "zope.interface", "sphinx", "pre-commit"]
docs = ["sphinx", "zope.interface"]
tests = ["coverage", "hypothesis", "pympler", "pytest (>=4.3.0)", "six", "zope.interface"]

[[package]]
category = "main"
description = "Cross-platform colored terminal text."
name = "colorama"
optional = false
python-versions = ">=2.7, !=3.0.*, !=3.1.*, !=3.2.*, !=3.3.*, !=3.4.*"
version = "0.4.3"

[[package]]
category = "main"
description = "converts and manipulates various color representation (HSL, RVB, web, X11, ...)"
name = "colour"
optional = false
python-versions = "*"
version = "0.1.5"

[package.extras]
test = ["nose"]

[[package]]
category = "main"
description = "Python parser for the CommonMark Markdown spec"
name = "commonmark"
optional = false
python-versions = "*"
version = "0.9.1"

[package.extras]
test = ["flake8 (3.7.8)", "hypothesis (3.55.3)"]

[[package]]
category = "main"
description = "A backport of the dataclasses module for Python 3.6"
marker = "python_version >= \"3.6\" and python_version < \"3.7\""
name = "dataclasses"
optional = false
python-versions = ">=3.6, <3.7"
version = "0.7"

[[package]]
category = "dev"
description = "Read metadata from Python packages"
marker = "python_version < \"3.8\""
name = "importlib-metadata"
optional = false
python-versions = "!=3.0.*,!=3.1.*,!=3.2.*,!=3.3.*,!=3.4.*,>=2.7"
version = "1.6.1"

[package.dependencies]
zipp = ">=0.5"

[package.extras]
docs = ["sphinx", "rst.linker"]
testing = ["packaging", "pep517", "importlib-resources (>=1.3)"]

[[package]]
category = "dev"
description = "More routines for operating on iterables, beyond itertools"
name = "more-itertools"
optional = false
python-versions = ">=3.5"
version = "8.3.0"

[[package]]
category = "main"
description = "NumPy is the fundamental package for array computing with Python."
name = "numpy"
optional = false
python-versions = ">=3.5"
version = "1.18.5"

[[package]]
category = "dev"
description = "Core utilities for Python packages"
name = "packaging"
optional = false
python-versions = ">=2.7, !=3.0.*, !=3.1.*, !=3.2.*, !=3.3.*"
version = "20.4"

[package.dependencies]
pyparsing = ">=2.0.2"
six = "*"

[[package]]
category = "main"
description = "Python Imaging Library (Fork)"
name = "pillow"
optional = false
python-versions = ">=3.5"
version = "7.1.2"

[[package]]
category = "dev"
description = "plugin and hook calling mechanisms for python"
name = "pluggy"
optional = false
python-versions = ">=2.7, !=3.0.*, !=3.1.*, !=3.2.*, !=3.3.*"
version = "0.13.1"

[package.dependencies]
[package.dependencies.importlib-metadata]
python = "<3.8"
version = ">=0.12"

[package.extras]
dev = ["pre-commit", "tox"]

[[package]]
category = "main"
description = "A drop-in replacement for pprint that's actually pretty"
name = "pprintpp"
optional = false
python-versions = "*"
version = "0.4.0"

[[package]]
category = "main"
description = "Text progress bar library for Python."
name = "progressbar"
optional = false
python-versions = "*"
version = "2.5"

[[package]]
category = "dev"
description = "library with cross-python path, ini-parsing, io, code, log facilities"
name = "py"
optional = false
python-versions = ">=2.7, !=3.0.*, !=3.1.*, !=3.2.*, !=3.3.*"
version = "1.8.1"

[[package]]
category = "main"
description = "Manipulate audio with an simple and easy high level interface"
name = "pydub"
optional = false
python-versions = "*"
version = "0.24.1"

[[package]]
category = "main"
description = "Pygments is a syntax highlighting package written in Python."
name = "pygments"
optional = false
python-versions = ">=3.5"
version = "2.6.1"

[[package]]
category = "dev"
description = "Python parsing module"
name = "pyparsing"
optional = false
python-versions = ">=2.6, !=3.0.*, !=3.1.*, !=3.2.*"
version = "2.4.7"

[[package]]
category = "main"
description = "A python implmementation of GNU readline."
marker = "sys_platform == \"win32\""
name = "pyreadline"
optional = false
python-versions = "*"
version = "2.1"

[[package]]
category = "dev"
description = "pytest: simple powerful testing with Python"
name = "pytest"
optional = false
python-versions = ">=3.5"
version = "5.4.3"

[package.dependencies]
atomicwrites = ">=1.0"
attrs = ">=17.4.0"
colorama = "*"
more-itertools = ">=4.0.0"
packaging = "*"
pluggy = ">=0.12,<1.0"
py = ">=1.5.0"
wcwidth = "*"

[package.dependencies.importlib-metadata]
python = "<3.8"
version = ">=0.12"

[package.extras]
checkqa-mypy = ["mypy (v0.761)"]
testing = ["argcomplete", "hypothesis (>=3.56)", "mock", "nose", "requests", "xmlschema"]

[[package]]
category = "main"
description = "Render rich text, tables, progress bars, syntax highlighting, markdown and more to the terminal"
name = "rich"
optional = false
python-versions = ">=3.6,<4.0"
version = "2.1.0"

[package.dependencies]
colorama = ">=0.4.0,<0.5.0"
commonmark = ">=0.9.0,<0.10.0"
pprintpp = ">=0.4.0,<0.5.0"
pygments = ">=2.6.0,<3.0.0"
typing-extensions = ">=3.7.4,<4.0.0"

[package.dependencies.dataclasses]
python = ">=3.6,<3.7"
version = ">=0.7,<0.8"

[[package]]
category = "main"
description = "SciPy: Scientific Library for Python"
name = "scipy"
optional = false
python-versions = ">=3.5"
version = "1.4.1"

[package.dependencies]
numpy = ">=1.13.3"

[[package]]
category = "dev"
description = "Python 2 and 3 compatibility utilities"
name = "six"
optional = false
python-versions = ">=2.7, !=3.0.*, !=3.1.*, !=3.2.*"
version = "1.15.0"

[[package]]
category = "main"
description = "Fast, Extensible Progress Meter"
name = "tqdm"
optional = false
python-versions = ">=2.6, !=3.0.*, !=3.1.*"
version = "4.46.1"

[package.extras]
dev = ["py-make (>=0.1.0)", "twine", "argopt", "pydoc-markdown"]

[[package]]
category = "main"
description = "Backported and Experimental Type Hints for Python 3.5+"
name = "typing-extensions"
optional = false
python-versions = "*"
version = "3.7.4.2"

[[package]]
category = "dev"
description = "Measures the displayed width of unicode strings in a terminal"
name = "wcwidth"
optional = false
python-versions = "*"
version = "0.2.4"

[[package]]
category = "dev"
description = "Backport of pathlib-compatible object wrapper for zip files"
marker = "python_version < \"3.8\""
name = "zipp"
optional = false
python-versions = ">=3.6"
version = "3.1.0"

[package.extras]
docs = ["sphinx", "jaraco.packaging (>=3.2)", "rst.linker (>=1.9)"]
testing = ["jaraco.itertools", "func-timeout"]

[metadata]
content-hash = "5d5bdc1b16e693fc2052da501b0685cfa3e2c8270b1e0a038d43f0063909551f"
python-versions = "^3.6"

[metadata.files]
atomicwrites = [
    {file = "atomicwrites-1.4.0-py2.py3-none-any.whl", hash = "sha256:6d1784dea7c0c8d4a5172b6c620f40b6e4cbfdf96d783691f2e1302a7b88e197"},
    {file = "atomicwrites-1.4.0.tar.gz", hash = "sha256:ae70396ad1a434f9c7046fd2dd196fc04b12f9e91ffb859164193be8b6168a7a"},
]
attrs = [
    {file = "attrs-19.3.0-py2.py3-none-any.whl", hash = "sha256:08a96c641c3a74e44eb59afb61a24f2cb9f4d7188748e76ba4bb5edfa3cb7d1c"},
    {file = "attrs-19.3.0.tar.gz", hash = "sha256:f7b7ce16570fe9965acd6d30101a28f62fb4a7f9e926b3bbc9b61f8b04247e72"},
]
colorama = [
    {file = "colorama-0.4.3-py2.py3-none-any.whl", hash = "sha256:7d73d2a99753107a36ac6b455ee49046802e59d9d076ef8e47b61499fa29afff"},
    {file = "colorama-0.4.3.tar.gz", hash = "sha256:e96da0d330793e2cb9485e9ddfd918d456036c7149416295932478192f4436a1"},
]
colour = [
    {file = "colour-0.1.5-py2.py3-none-any.whl", hash = "sha256:33f6db9d564fadc16e59921a56999b79571160ce09916303d35346dddc17978c"},
    {file = "colour-0.1.5.tar.gz", hash = "sha256:af20120fefd2afede8b001fbef2ea9da70ad7d49fafdb6489025dae8745c3aee"},
]
commonmark = [
    {file = "commonmark-0.9.1-py2.py3-none-any.whl", hash = "sha256:da2f38c92590f83de410ba1a3cbceafbc74fee9def35f9251ba9a971d6d66fd9"},
    {file = "commonmark-0.9.1.tar.gz", hash = "sha256:452f9dc859be7f06631ddcb328b6919c67984aca654e5fefb3914d54691aed60"},
]
dataclasses = [
    {file = "dataclasses-0.7-py3-none-any.whl", hash = "sha256:3459118f7ede7c8bea0fe795bff7c6c2ce287d01dd226202f7c9ebc0610a7836"},
    {file = "dataclasses-0.7.tar.gz", hash = "sha256:494a6dcae3b8bcf80848eea2ef64c0cc5cd307ffc263e17cdf42f3e5420808e6"},
]
importlib-metadata = [
    {file = "importlib_metadata-1.6.1-py2.py3-none-any.whl", hash = "sha256:15ec6c0fd909e893e3a08b3a7c76ecb149122fb14b7efe1199ddd4c7c57ea958"},
    {file = "importlib_metadata-1.6.1.tar.gz", hash = "sha256:0505dd08068cfec00f53a74a0ad927676d7757da81b7436a6eefe4c7cf75c545"},
]
more-itertools = [
    {file = "more-itertools-8.3.0.tar.gz", hash = "sha256:558bb897a2232f5e4f8e2399089e35aecb746e1f9191b6584a151647e89267be"},
    {file = "more_itertools-8.3.0-py3-none-any.whl", hash = "sha256:7818f596b1e87be009031c7653d01acc46ed422e6656b394b0f765ce66ed4982"},
]
numpy = [
    {file = "numpy-1.18.5-cp35-cp35m-macosx_10_9_intel.whl", hash = "sha256:e91d31b34fc7c2c8f756b4e902f901f856ae53a93399368d9a0dc7be17ed2ca0"},
    {file = "numpy-1.18.5-cp35-cp35m-manylinux1_i686.whl", hash = "sha256:7d42ab8cedd175b5ebcb39b5208b25ba104842489ed59fbb29356f671ac93583"},
    {file = "numpy-1.18.5-cp35-cp35m-manylinux1_x86_64.whl", hash = "sha256:a78e438db8ec26d5d9d0e584b27ef25c7afa5a182d1bf4d05e313d2d6d515271"},
    {file = "numpy-1.18.5-cp35-cp35m-win32.whl", hash = "sha256:a87f59508c2b7ceb8631c20630118cc546f1f815e034193dc72390db038a5cb3"},
    {file = "numpy-1.18.5-cp35-cp35m-win_amd64.whl", hash = "sha256:965df25449305092b23d5145b9bdaeb0149b6e41a77a7d728b1644b3c99277c1"},
    {file = "numpy-1.18.5-cp36-cp36m-macosx_10_9_x86_64.whl", hash = "sha256:ac792b385d81151bae2a5a8adb2b88261ceb4976dbfaaad9ce3a200e036753dc"},
    {file = "numpy-1.18.5-cp36-cp36m-manylinux1_i686.whl", hash = "sha256:ef627986941b5edd1ed74ba89ca43196ed197f1a206a3f18cc9faf2fb84fd675"},
    {file = "numpy-1.18.5-cp36-cp36m-manylinux1_x86_64.whl", hash = "sha256:f718a7949d1c4f622ff548c572e0c03440b49b9531ff00e4ed5738b459f011e8"},
    {file = "numpy-1.18.5-cp36-cp36m-win32.whl", hash = "sha256:4064f53d4cce69e9ac613256dc2162e56f20a4e2d2086b1956dd2fcf77b7fac5"},
    {file = "numpy-1.18.5-cp36-cp36m-win_amd64.whl", hash = "sha256:b03b2c0badeb606d1232e5f78852c102c0a7989d3a534b3129e7856a52f3d161"},
    {file = "numpy-1.18.5-cp37-cp37m-macosx_10_9_x86_64.whl", hash = "sha256:a7acefddf994af1aeba05bbbafe4ba983a187079f125146dc5859e6d817df824"},
    {file = "numpy-1.18.5-cp37-cp37m-manylinux1_i686.whl", hash = "sha256:cd49930af1d1e49a812d987c2620ee63965b619257bd76eaaa95870ca08837cf"},
    {file = "numpy-1.18.5-cp37-cp37m-manylinux1_x86_64.whl", hash = "sha256:b39321f1a74d1f9183bf1638a745b4fd6fe80efbb1f6b32b932a588b4bc7695f"},
    {file = "numpy-1.18.5-cp37-cp37m-win32.whl", hash = "sha256:cae14a01a159b1ed91a324722d746523ec757357260c6804d11d6147a9e53e3f"},
    {file = "numpy-1.18.5-cp37-cp37m-win_amd64.whl", hash = "sha256:0172304e7d8d40e9e49553901903dc5f5a49a703363ed756796f5808a06fc233"},
    {file = "numpy-1.18.5-cp38-cp38-macosx_10_9_x86_64.whl", hash = "sha256:e15b382603c58f24265c9c931c9a45eebf44fe2e6b4eaedbb0d025ab3255228b"},
    {file = "numpy-1.18.5-cp38-cp38-manylinux1_i686.whl", hash = "sha256:3676abe3d621fc467c4c1469ee11e395c82b2d6b5463a9454e37fe9da07cd0d7"},
    {file = "numpy-1.18.5-cp38-cp38-manylinux1_x86_64.whl", hash = "sha256:4674f7d27a6c1c52a4d1aa5f0881f1eff840d2206989bae6acb1c7668c02ebfb"},
    {file = "numpy-1.18.5-cp38-cp38-win32.whl", hash = "sha256:9c9d6531bc1886454f44aa8f809268bc481295cf9740827254f53c30104f074a"},
    {file = "numpy-1.18.5-cp38-cp38-win_amd64.whl", hash = "sha256:3dd6823d3e04b5f223e3e265b4a1eae15f104f4366edd409e5a5e413a98f911f"},
    {file = "numpy-1.18.5.zip", hash = "sha256:34e96e9dae65c4839bd80012023aadd6ee2ccb73ce7fdf3074c62f301e63120b"},
]
packaging = [
    {file = "packaging-20.4-py2.py3-none-any.whl", hash = "sha256:998416ba6962ae7fbd6596850b80e17859a5753ba17c32284f67bfff33784181"},
    {file = "packaging-20.4.tar.gz", hash = "sha256:4357f74f47b9c12db93624a82154e9b120fa8293699949152b22065d556079f8"},
]
pillow = [
    {file = "Pillow-7.1.2-cp35-cp35m-macosx_10_10_intel.whl", hash = "sha256:ae2b270f9a0b8822b98655cb3a59cdb1bd54a34807c6c56b76dd2e786c3b7db3"},
    {file = "Pillow-7.1.2-cp35-cp35m-manylinux1_i686.whl", hash = "sha256:d23e2aa9b969cf9c26edfb4b56307792b8b374202810bd949effd1c6e11ebd6d"},
    {file = "Pillow-7.1.2-cp35-cp35m-manylinux1_x86_64.whl", hash = "sha256:b532bcc2f008e96fd9241177ec580829dee817b090532f43e54074ecffdcd97f"},
    {file = "Pillow-7.1.2-cp35-cp35m-win32.whl", hash = "sha256:12e4bad6bddd8546a2f9771485c7e3d2b546b458ae8ff79621214119ac244523"},
    {file = "Pillow-7.1.2-cp35-cp35m-win_amd64.whl", hash = "sha256:9744350687459234867cbebfe9df8f35ef9e1538f3e729adbd8fde0761adb705"},
    {file = "Pillow-7.1.2-cp36-cp36m-macosx_10_10_x86_64.whl", hash = "sha256:f54be399340aa602066adb63a86a6a5d4f395adfdd9da2b9a0162ea808c7b276"},
    {file = "Pillow-7.1.2-cp36-cp36m-manylinux1_i686.whl", hash = "sha256:1f694e28c169655c50bb89a3fa07f3b854d71eb47f50783621de813979ba87f3"},
    {file = "Pillow-7.1.2-cp36-cp36m-manylinux1_x86_64.whl", hash = "sha256:f784aad988f12c80aacfa5b381ec21fd3f38f851720f652b9f33facc5101cf4d"},
    {file = "Pillow-7.1.2-cp36-cp36m-win32.whl", hash = "sha256:b37bb3bd35edf53125b0ff257822afa6962649995cbdfde2791ddb62b239f891"},
    {file = "Pillow-7.1.2-cp36-cp36m-win_amd64.whl", hash = "sha256:b67a6c47ed963c709ed24566daa3f95a18f07d3831334da570c71da53d97d088"},
    {file = "Pillow-7.1.2-cp37-cp37m-macosx_10_10_x86_64.whl", hash = "sha256:eaa83729eab9c60884f362ada982d3a06beaa6cc8b084cf9f76cae7739481dfa"},
    {file = "Pillow-7.1.2-cp37-cp37m-manylinux1_i686.whl", hash = "sha256:f46e0e024346e1474083c729d50de909974237c72daca05393ee32389dabe457"},
    {file = "Pillow-7.1.2-cp37-cp37m-manylinux1_x86_64.whl", hash = "sha256:0e2a3bceb0fd4e0cb17192ae506d5f082b309ffe5fc370a5667959c9b2f85fa3"},
    {file = "Pillow-7.1.2-cp37-cp37m-win32.whl", hash = "sha256:ccc9ad2460eb5bee5642eaf75a0438d7f8887d484490d5117b98edd7f33118b7"},
    {file = "Pillow-7.1.2-cp37-cp37m-win_amd64.whl", hash = "sha256:b943e71c2065ade6fef223358e56c167fc6ce31c50bc7a02dd5c17ee4338e8ac"},
    {file = "Pillow-7.1.2-cp38-cp38-macosx_10_10_x86_64.whl", hash = "sha256:04766c4930c174b46fd72d450674612ab44cca977ebbcc2dde722c6933290107"},
    {file = "Pillow-7.1.2-cp38-cp38-manylinux1_i686.whl", hash = "sha256:f455efb7a98557412dc6f8e463c1faf1f1911ec2432059fa3e582b6000fc90e2"},
    {file = "Pillow-7.1.2-cp38-cp38-manylinux1_x86_64.whl", hash = "sha256:ee94fce8d003ac9fd206496f2707efe9eadcb278d94c271f129ab36aa7181344"},
    {file = "Pillow-7.1.2-cp38-cp38-win32.whl", hash = "sha256:4b02b9c27fad2054932e89f39703646d0c543f21d3cc5b8e05434215121c28cd"},
    {file = "Pillow-7.1.2-cp38-cp38-win_amd64.whl", hash = "sha256:3d25dd8d688f7318dca6d8cd4f962a360ee40346c15893ae3b95c061cdbc4079"},
    {file = "Pillow-7.1.2-pp373-pypy36_pp73-win32.whl", hash = "sha256:0f01e63c34f0e1e2580cc0b24e86a5ccbbfa8830909a52ee17624c4193224cd9"},
    {file = "Pillow-7.1.2-py3.8-macosx-10.9-x86_64.egg", hash = "sha256:70e3e0d99a0dcda66283a185f80697a9b08806963c6149c8e6c5f452b2aa59c0"},
    {file = "Pillow-7.1.2.tar.gz", hash = "sha256:a0b49960110bc6ff5fead46013bcb8825d101026d466f3a4de3476defe0fb0dd"},
]
pluggy = [
    {file = "pluggy-0.13.1-py2.py3-none-any.whl", hash = "sha256:966c145cd83c96502c3c3868f50408687b38434af77734af1e9ca461a4081d2d"},
    {file = "pluggy-0.13.1.tar.gz", hash = "sha256:15b2acde666561e1298d71b523007ed7364de07029219b604cf808bfa1c765b0"},
]
pprintpp = [
    {file = "pprintpp-0.4.0-py2.py3-none-any.whl", hash = "sha256:b6b4dcdd0c0c0d75e4d7b2f21a9e933e5b2ce62b26e1a54537f9651ae5a5c01d"},
    {file = "pprintpp-0.4.0.tar.gz", hash = "sha256:ea826108e2c7f49dc6d66c752973c3fc9749142a798d6b254e1e301cfdbc6403"},
]
progressbar = [
    {file = "progressbar-2.5.tar.gz", hash = "sha256:5d81cb529da2e223b53962afd6c8ca0f05c6670e40309a7219eacc36af9b6c63"},
]
py = [
    {file = "py-1.8.1-py2.py3-none-any.whl", hash = "sha256:c20fdd83a5dbc0af9efd622bee9a5564e278f6380fffcacc43ba6f43db2813b0"},
    {file = "py-1.8.1.tar.gz", hash = "sha256:5e27081401262157467ad6e7f851b7aa402c5852dbcb3dae06768434de5752aa"},
]
pydub = [
    {file = "pydub-0.24.1-py2.py3-none-any.whl", hash = "sha256:25fdfbbfd4c69363006a27c7bd2346c4b886a0dd3da264c14d858b71a9593284"},
    {file = "pydub-0.24.1.tar.gz", hash = "sha256:630c68bfff9bb27cbc5e1f02923f717c3bc5f4d73fd685fda08b6ce90f76dc69"},
]
pygments = [
    {file = "Pygments-2.6.1-py3-none-any.whl", hash = "sha256:ff7a40b4860b727ab48fad6360eb351cc1b33cbf9b15a0f689ca5353e9463324"},
    {file = "Pygments-2.6.1.tar.gz", hash = "sha256:647344a061c249a3b74e230c739f434d7ea4d8b1d5f3721bc0f3558049b38f44"},
]
pyparsing = [
    {file = "pyparsing-2.4.7-py2.py3-none-any.whl", hash = "sha256:ef9d7589ef3c200abe66653d3f1ab1033c3c419ae9b9bdb1240a85b024efc88b"},
    {file = "pyparsing-2.4.7.tar.gz", hash = "sha256:c203ec8783bf771a155b207279b9bccb8dea02d8f0c9e5f8ead507bc3246ecc1"},
]
pyreadline = [
    {file = "pyreadline-2.1.win-amd64.exe", hash = "sha256:9ce5fa65b8992dfa373bddc5b6e0864ead8f291c94fbfec05fbd5c836162e67b"},
    {file = "pyreadline-2.1.win32.exe", hash = "sha256:65540c21bfe14405a3a77e4c085ecfce88724743a4ead47c66b84defcf82c32e"},
    {file = "pyreadline-2.1.zip", hash = "sha256:4530592fc2e85b25b1a9f79664433da09237c1a270e4d78ea5aa3a2c7229e2d1"},
]
pytest = [
    {file = "pytest-5.4.3-py3-none-any.whl", hash = "sha256:5c0db86b698e8f170ba4582a492248919255fcd4c79b1ee64ace34301fb589a1"},
    {file = "pytest-5.4.3.tar.gz", hash = "sha256:7979331bfcba207414f5e1263b5a0f8f521d0f457318836a7355531ed1a4c7d8"},
]
rich = [
    {file = "rich-2.1.0-py3-none-any.whl", hash = "sha256:4503bf47729e46a07ededd81b2acd0bc3cfc5f0d10e2bc87e3c31a29f4f06424"},
    {file = "rich-2.1.0.tar.gz", hash = "sha256:e39a43f4e61ac922cea11d8b335913232bda21fa0f5481dc3701a6d31f2d2569"},
]
scipy = [
    {file = "scipy-1.4.1-cp35-cp35m-macosx_10_6_intel.whl", hash = "sha256:c5cac0c0387272ee0e789e94a570ac51deb01c796b37fb2aad1fb13f85e2f97d"},
    {file = "scipy-1.4.1-cp35-cp35m-manylinux1_i686.whl", hash = "sha256:a144811318853a23d32a07bc7fd5561ff0cac5da643d96ed94a4ffe967d89672"},
    {file = "scipy-1.4.1-cp35-cp35m-manylinux1_x86_64.whl", hash = "sha256:71eb180f22c49066f25d6df16f8709f215723317cc951d99e54dc88020ea57be"},
    {file = "scipy-1.4.1-cp35-cp35m-win32.whl", hash = "sha256:770254a280d741dd3436919d47e35712fb081a6ff8bafc0f319382b954b77802"},
    {file = "scipy-1.4.1-cp35-cp35m-win_amd64.whl", hash = "sha256:a1aae70d52d0b074d8121333bc807a485f9f1e6a69742010b33780df2e60cfe0"},
    {file = "scipy-1.4.1-cp36-cp36m-macosx_10_6_intel.whl", hash = "sha256:bb517872058a1f087c4528e7429b4a44533a902644987e7b2fe35ecc223bc408"},
    {file = "scipy-1.4.1-cp36-cp36m-manylinux1_i686.whl", hash = "sha256:dba8306f6da99e37ea08c08fef6e274b5bf8567bb094d1dbe86a20e532aca088"},
    {file = "scipy-1.4.1-cp36-cp36m-manylinux1_x86_64.whl", hash = "sha256:386086e2972ed2db17cebf88610aab7d7f6e2c0ca30042dc9a89cf18dcc363fa"},
    {file = "scipy-1.4.1-cp36-cp36m-win32.whl", hash = "sha256:8d3bc3993b8e4be7eade6dcc6fd59a412d96d3a33fa42b0fa45dc9e24495ede9"},
    {file = "scipy-1.4.1-cp36-cp36m-win_amd64.whl", hash = "sha256:dc60bb302f48acf6da8ca4444cfa17d52c63c5415302a9ee77b3b21618090521"},
    {file = "scipy-1.4.1-cp37-cp37m-macosx_10_6_intel.whl", hash = "sha256:787cc50cab3020a865640aba3485e9fbd161d4d3b0d03a967df1a2881320512d"},
    {file = "scipy-1.4.1-cp37-cp37m-manylinux1_i686.whl", hash = "sha256:0902a620a381f101e184a958459b36d3ee50f5effd186db76e131cbefcbb96f7"},
    {file = "scipy-1.4.1-cp37-cp37m-manylinux1_x86_64.whl", hash = "sha256:00af72998a46c25bdb5824d2b729e7dabec0c765f9deb0b504f928591f5ff9d4"},
    {file = "scipy-1.4.1-cp37-cp37m-win32.whl", hash = "sha256:9508a7c628a165c2c835f2497837bf6ac80eb25291055f56c129df3c943cbaf8"},
    {file = "scipy-1.4.1-cp37-cp37m-win_amd64.whl", hash = "sha256:a2d6df9eb074af7f08866598e4ef068a2b310d98f87dc23bd1b90ec7bdcec802"},
    {file = "scipy-1.4.1-cp38-cp38-macosx_10_9_x86_64.whl", hash = "sha256:3092857f36b690a321a662fe5496cb816a7f4eecd875e1d36793d92d3f884073"},
    {file = "scipy-1.4.1-cp38-cp38-manylinux1_i686.whl", hash = "sha256:8a07760d5c7f3a92e440ad3aedcc98891e915ce857664282ae3c0220f3301eb6"},
    {file = "scipy-1.4.1-cp38-cp38-manylinux1_x86_64.whl", hash = "sha256:1e3190466d669d658233e8a583b854f6386dd62d655539b77b3fa25bfb2abb70"},
    {file = "scipy-1.4.1-cp38-cp38-win32.whl", hash = "sha256:cc971a82ea1170e677443108703a2ec9ff0f70752258d0e9f5433d00dda01f59"},
    {file = "scipy-1.4.1-cp38-cp38-win_amd64.whl", hash = "sha256:2cce3f9847a1a51019e8c5b47620da93950e58ebc611f13e0d11f4980ca5fecb"},
    {file = "scipy-1.4.1.tar.gz", hash = "sha256:dee1bbf3a6c8f73b6b218cb28eed8dd13347ea2f87d572ce19b289d6fd3fbc59"},
]
six = [
    {file = "six-1.15.0-py2.py3-none-any.whl", hash = "sha256:8b74bedcbbbaca38ff6d7491d76f2b06b3592611af620f8426e82dddb04a5ced"},
    {file = "six-1.15.0.tar.gz", hash = "sha256:30639c035cdb23534cd4aa2dd52c3bf48f06e5f4a941509c8bafd8ce11080259"},
]
tqdm = [
    {file = "tqdm-4.46.1-py2.py3-none-any.whl", hash = "sha256:07c06493f1403c1380b630ae3dcbe5ae62abcf369a93bbc052502279f189ab8c"},
    {file = "tqdm-4.46.1.tar.gz", hash = "sha256:cd140979c2bebd2311dfb14781d8f19bd5a9debb92dcab9f6ef899c987fcf71f"},
]
typing-extensions = [
    {file = "typing_extensions-3.7.4.2-py2-none-any.whl", hash = "sha256:f8d2bd89d25bc39dabe7d23df520442fa1d8969b82544370e03d88b5a591c392"},
    {file = "typing_extensions-3.7.4.2-py3-none-any.whl", hash = "sha256:6e95524d8a547a91e08f404ae485bbb71962de46967e1b71a0cb89af24e761c5"},
    {file = "typing_extensions-3.7.4.2.tar.gz", hash = "sha256:79ee589a3caca649a9bfd2a8de4709837400dfa00b6cc81962a1e6a1815969ae"},
]
wcwidth = [
    {file = "wcwidth-0.2.4-py2.py3-none-any.whl", hash = "sha256:79375666b9954d4a1a10739315816324c3e73110af9d0e102d906fdb0aec009f"},
    {file = "wcwidth-0.2.4.tar.gz", hash = "sha256:8c6b5b6ee1360b842645f336d9e5d68c55817c26d3050f46b235ef2bc650e48f"},
]
zipp = [
    {file = "zipp-3.1.0-py3-none-any.whl", hash = "sha256:aa36550ff0c0b7ef7fa639055d797116ee891440eac1a56f378e2d3179e0320b"},
    {file = "zipp-3.1.0.tar.gz", hash = "sha256:c599e4d75c98f6798c509911d08a22e6c021d074469042177c8c86fb92eefd96"},
]
